
Microsoft Visual Studio Solution File, Format Version 12.00
# Visual Studio Version 17
VisualStudioVersion = 17.7.34031.279
MinimumVisualStudioVersion = 10.0.40219.1
Project("{9A19103F-16F7-4668-BE54-9A1E7A4F7556}") = "EStateTree", "EStateTree\EStateTree.csproj", "{9E564C8C-E99D-4683-8227-21AFB368E80C}"
EndProject
Project("{9A19103F-16F7-4668-BE54-9A1E7A4F7556}") = "EStateTree.Tests", "EStateTreeTests\EStateTree.Tests.csproj", "{61DC4A8F-6199-42FC-9445-F40411404ED0}"
EndProject
Global
	GlobalSection(SolutionConfigurationPlatforms) = preSolution
		Debug|Any CPU = Debug|Any CPU
		Release|Any CPU = Release|Any CPU
	EndGlobalSection
	GlobalSection(ProjectConfigurationPlatforms) = postSolution
		{9E564C8C-E99D-4683-8227-21AFB368E80C}.Debug|Any CPU.ActiveCfg = Debug|Any CPU
		{9E564C8C-E99D-4683-8227-21AFB368E80C}.Debug|Any CPU.Build.0 = Debug|Any CPU
		{9E564C8C-E99D-4683-8227-21AFB368E80C}.Release|Any CPU.ActiveCfg = Release|Any CPU
		{9E564C8C-E99D-4683-8227-21AFB368E80C}.Release|Any CPU.Build.0 = Release|Any CPU
		{61DC4A8F-6199-42FC-9445-F40411404ED0}.Debug|Any CPU.ActiveCfg = Debug|Any CPU
		{61DC4A8F-6199-42FC-9445-F40411404ED0}.Debug|Any CPU.Build.0 = Debug|Any CPU
		{61DC4A8F-6199-42FC-9445-F40411404ED0}.Release|Any CPU.ActiveCfg = Release|Any CPU
		{61DC4A8F-6199-42FC-9445-F40411404ED0}.Release|Any CPU.Build.0 = Release|Any CPU
	EndGlobalSection
	GlobalSection(SolutionProperties) = preSolution
		HideSolutionNode = FALSE
	EndGlobalSection
	GlobalSection(ExtensibilityGlobals) = postSolution
		SolutionGuid = {3A2079AE-5E4A-4ABE-94F1-E1DD459CB62D}
	EndGlobalSection
EndGlobal
