
Microsoft Visual Studio Solution File, Format Version 12.00
# Visual Studio Version 17
VisualStudioVersion = 17.7.34031.279
MinimumVisualStudioVersion = 10.0.40219.1
Project("{FAE04EC0-301F-11D3-BF4B-00C04F79EFBC}") = "ESTree", "ESTree\ESTree.csproj", "{A50BF256-40B7-4EB5-BC19-29CAC223FFD1}"
EndProject
Project("{FAE04EC0-301F-11D3-BF4B-00C04F79EFBC}") = "ESTree.Tests", "ESTreeTests\ESTree.Tests.csproj", "{3D145729-1647-44FA-AD15-6E992CE0FF9A}"
EndProject
Global
	GlobalSection(SolutionConfigurationPlatforms) = preSolution
		Debug|Any CPU = Debug|Any CPU
		Release|Any CPU = Release|Any CPU
	EndGlobalSection
	GlobalSection(ProjectConfigurationPlatforms) = postSolution
		{A50BF256-40B7-4EB5-BC19-29CAC223FFD1}.Debug|Any CPU.ActiveCfg = Debug|Any CPU
		{A50BF256-40B7-4EB5-BC19-29CAC223FFD1}.Debug|Any CPU.Build.0 = Debug|Any CPU
		{A50BF256-40B7-4EB5-BC19-29CAC223FFD1}.Release|Any CPU.ActiveCfg = Release|Any CPU
		{A50BF256-40B7-4EB5-BC19-29CAC223FFD1}.Release|Any CPU.Build.0 = Release|Any CPU
		{3D145729-1647-44FA-AD15-6E992CE0FF9A}.Debug|Any CPU.ActiveCfg = Debug|Any CPU
		{3D145729-1647-44FA-AD15-6E992CE0FF9A}.Debug|Any CPU.Build.0 = Debug|Any CPU
		{3D145729-1647-44FA-AD15-6E992CE0FF9A}.Release|Any CPU.ActiveCfg = Release|Any CPU
		{3D145729-1647-44FA-AD15-6E992CE0FF9A}.Release|Any CPU.Build.0 = Release|Any CPU
	EndGlobalSection
	GlobalSection(SolutionProperties) = preSolution
		HideSolutionNode = FALSE
	EndGlobalSection
	GlobalSection(ExtensibilityGlobals) = postSolution
		SolutionGuid = {3A2079AE-5E4A-4ABE-94F1-E1DD459CB62D}
	EndGlobalSection
EndGlobal
